# This file is autogenerated, do not edit; changes may be undone by the next 'dep ensure'.


[[projects]]
  name = "github.com/boltdb/bolt"
  packages = ["."]
  revision = "2f1ce7a837dcb8da3ec595b1dac9d0632f0f99e8"
  version = "v1.3.1"

[[projects]]
  name = "github.com/cenkalti/backoff"
  packages = ["."]
  revision = "2ea60e5f094469f9e65adb9cd103795b73ae743e"
  version = "v2.0.0"

[[projects]]
  name = "github.com/op/go-logging"
  packages = ["."]
  revision = "b2cb9fa56473e98db8caba80237377e83fe44db5"
  version = "v1"

[[projects]]
  name = "github.com/shopspring/decimal"
  packages = ["."]
  revision = "69b3a8ad1f5f2c8bd855cb6506d18593064a346b"
  version = "1.0.1"

[[projects]]
  branch = "master"
  name = "github.com/skycoin/services"
  packages = ["deploy-coin/common"]
  revision = "44a5e2506fb5560fbfec9ba9ae3cc40c5ba73545"

[[projects]]
  name = "github.com/skycoin/skycoin"
  packages = [
    "src/api/webrpc",
    "src/cipher",
    "src/cipher/base58",
    "src/cipher/chacha20",
    "src/cipher/encoder",
    "src/cipher/go-bip39",
    "src/cipher/ripemd160",
    "src/cipher/secp256k1-go",
    "src/cipher/secp256k1-go/secp256k1-go2",
    "src/coin",
    "src/daemon",
    "src/daemon/gnet",
    "src/daemon/pex",
    "src/daemon/strand",
    "src/gui",
    "src/util/browser",
    "src/util/cert",
    "src/util/droplet",
    "src/util/elapse",
    "src/util/fee",
    "src/util/file",
    "src/util/http",
    "src/util/iputil",
    "src/util/logging",
    "src/util/utc",
    "src/visor",
    "src/visor/blockdb",
    "src/visor/bucket",
    "src/visor/historydb",
    "src/wallet"
  ]
  revision = "84098d9ef5cdfa86d325509cf200dd7e45b4a1b4"
  version = "v0.22.0"

[[projects]]
  name = "github.com/toqueteos/webbrowser"
  packages = ["."]
  revision = "3232c91b8ede8ca86e8962981d881af78875542f"
  version = "v1.1.0"

[[projects]]
  branch = "master"
  name = "golang.org/x/crypto"
  packages = ["pbkdf2"]
  revision = "8ac0e0d97ce45cd83d1d7243c060cb8461dda5e9"

[[projects]]
  branch = "master"
  name = "golang.org/x/net"
  packages = ["context"]
  revision = "db08ff08e8622530d9ed3a0e8ac279f6d4c02196"

[[projects]]
  branch = "master"
  name = "golang.org/x/sys"
  packages = ["unix"]
  revision = "bff228c7b664c5fce602223a05fb708fd8654986"

[solve-meta]
  analyzer-name = "dep"
  analyzer-version = 1
  inputs-digest = "25a5867ac99afe72b7817541c51a78b115d5e7cca2132861780407e1ee823bcd"
  solver-name = "gps-cdcl"
  solver-version = 1
